
Microsoft Visual Studio Solution File, Format Version 12.00
# Visual Studio 15
Project("{FAE04EC0-301F-11D3-BF4B-00C04F79EFBC}") = "Assembly-CSharp", "Assembly-CSharp.csproj", "{1ADE693E-74C6-9811-F3F6-CABA8F2B53D5}"
EndProject
Project("{FAE04EC0-301F-11D3-BF4B-00C04F79EFBC}") = "Assembly-CSharp-Editor", "Assembly-CSharp-Editor.csproj", "{0E95D8DA-7807-C07F-A8AC-D2AE837D73AA}"
EndProject
Project("{FAE04EC0-301F-11D3-BF4B-00C04F79EFBC}") = "Unity.StarterAssets.Editor", "Unity.StarterAssets.Editor.csproj", "{5CD57F33-C798-D6FB-E819-9138E8CE42A4}"
EndProject
Project("{FAE04EC0-301F-11D3-BF4B-00C04F79EFBC}") = "Unity.StarterAssets", "Unity.StarterAssets.csproj", "{17930D55-3E6E-FE7D-395B-CFF3A2942957}"
EndProject
Project("{FAE04EC0-301F-11D3-BF4B-00C04F79EFBC}") = "URPWizard", "URPWizard.csproj", "{3C3DEB4D-0A10-1D68-2D0E-BD1B6C5F74A2}"
EndProject
Global
	GlobalSection(SolutionConfigurationPlatforms) = preSolution
		Debug|Any CPU = Debug|Any CPU
		Release|Any CPU = Release|Any CPU
	EndGlobalSection
	GlobalSection(ProjectConfigurationPlatforms) = postSolution
		{1ADE693E-74C6-9811-F3F6-CABA8F2B53D5}.Debug|Any CPU.ActiveCfg = Debug|Any CPU
		{1ADE693E-74C6-9811-F3F6-CABA8F2B53D5}.Debug|Any CPU.Build.0 = Debug|Any CPU
		{1ADE693E-74C6-9811-F3F6-CABA8F2B53D5}.Release|Any CPU.ActiveCfg = Release|Any CPU
		{1ADE693E-74C6-9811-F3F6-CABA8F2B53D5}.Release|Any CPU.Build.0 = Release|Any CPU
		{0E95D8DA-7807-C07F-A8AC-D2AE837D73AA}.Debug|Any CPU.ActiveCfg = Debug|Any CPU
		{0E95D8DA-7807-C07F-A8AC-D2AE837D73AA}.Debug|Any CPU.Build.0 = Debug|Any CPU
		{0E95D8DA-7807-C07F-A8AC-D2AE837D73AA}.Release|Any CPU.ActiveCfg = Release|Any CPU
		{0E95D8DA-7807-C07F-A8AC-D2AE837D73AA}.Release|Any CPU.Build.0 = Release|Any CPU
		{5CD57F33-C798-D6FB-E819-9138E8CE42A4}.Debug|Any CPU.ActiveCfg = Debug|Any CPU
		{5CD57F33-C798-D6FB-E819-9138E8CE42A4}.Debug|Any CPU.Build.0 = Debug|Any CPU
		{5CD57F33-C798-D6FB-E819-9138E8CE42A4}.Release|Any CPU.ActiveCfg = Release|Any CPU
		{5CD57F33-C798-D6FB-E819-9138E8CE42A4}.Release|Any CPU.Build.0 = Release|Any CPU
		{17930D55-3E6E-FE7D-395B-CFF3A2942957}.Debug|Any CPU.ActiveCfg = Debug|Any CPU
		{17930D55-3E6E-FE7D-395B-CFF3A2942957}.Debug|Any CPU.Build.0 = Debug|Any CPU
		{17930D55-3E6E-FE7D-395B-CFF3A2942957}.Release|Any CPU.ActiveCfg = Release|Any CPU
		{17930D55-3E6E-FE7D-395B-CFF3A2942957}.Release|Any CPU.Build.0 = Release|Any CPU
		{3C3DEB4D-0A10-1D68-2D0E-BD1B6C5F74A2}.Debug|Any CPU.ActiveCfg = Debug|Any CPU
		{3C3DEB4D-0A10-1D68-2D0E-BD1B6C5F74A2}.Debug|Any CPU.Build.0 = Debug|Any CPU
		{3C3DEB4D-0A10-1D68-2D0E-BD1B6C5F74A2}.Release|Any CPU.ActiveCfg = Release|Any CPU
		{3C3DEB4D-0A10-1D68-2D0E-BD1B6C5F74A2}.Release|Any CPU.Build.0 = Release|Any CPU
	EndGlobalSection
	GlobalSection(SolutionProperties) = preSolution
		HideSolutionNode = FALSE
	EndGlobalSection
EndGlobal
